// !$*UTF8*$!
{
	archiveVersion = 1;
	classes = {
	};
	objectVersion = 55;
	objects = {

/* Begin PBXBuildFile section */
		A8146D8429A111B30080D108 /* AppDelegate.swift in Sources */ = {isa = PBXBuildFile; fileRef = A8146D8329A111B30080D108 /* AppDelegate.swift */; };
		A8146D8629A111B30080D108 /* SceneDelegate.swift in Sources */ = {isa = PBXBuildFile; fileRef = A8146D8529A111B30080D108 /* SceneDelegate.swift */; };
		A8146D8D29A111B50080D108 /* Assets.xcassets in Resources */ = {isa = PBXBuildFile; fileRef = A8146D8C29A111B50080D108 /* Assets.xcassets */; };
		A8146D9029A111B50080D108 /* LaunchScreen.storyboard in Resources */ = {isa = PBXBuildFile; fileRef = A8146D8E29A111B50080D108 /* LaunchScreen.storyboard */; };
		A8146DB829A112E80080D108 /* MainTabBarController.swift in Sources */ = {isa = PBXBuildFile; fileRef = A8146DB729A112E80080D108 /* MainTabBarController.swift */; };
		A8146DBA29A116EF0080D108 /* MovieStoreController.swift in Sources */ = {isa = PBXBuildFile; fileRef = A8146DB929A116EF0080D108 /* MovieStoreController.swift */; };
		A8146DBC29A116FD0080D108 /* SearchMovieController.swift in Sources */ = {isa = PBXBuildFile; fileRef = A8146DBB29A116FD0080D108 /* SearchMovieController.swift */; };
		A8146DBE29A1170A0080D108 /* TrendMovieController.swift in Sources */ = {isa = PBXBuildFile; fileRef = A8146DBD29A1170A0080D108 /* TrendMovieController.swift */; };
		A8146DC029A117160080D108 /* DetailMovieController.swift in Sources */ = {isa = PBXBuildFile; fileRef = A8146DBF29A117160080D108 /* DetailMovieController.swift */; };
		A8146DC729A119F50080D108 /* FeaturedCell.swift in Sources */ = {isa = PBXBuildFile; fileRef = A8146DC629A119F50080D108 /* FeaturedCell.swift */; };
		A8146DC929A11A9F0080D108 /* ThreeTableCell.swift in Sources */ = {isa = PBXBuildFile; fileRef = A8146DC829A11A9F0080D108 /* ThreeTableCell.swift */; };
		A8146DCB29A11AAB0080D108 /* SmallTableCell.swift in Sources */ = {isa = PBXBuildFile; fileRef = A8146DCA29A11AAB0080D108 /* SmallTableCell.swift */; };
		A8146DCD29A11C3F0080D108 /* SquareCell.swift in Sources */ = {isa = PBXBuildFile; fileRef = A8146DCC29A11C3F0080D108 /* SquareCell.swift */; };
		A8146DCF29A11CDD0080D108 /* SearchCell.swift in Sources */ = {isa = PBXBuildFile; fileRef = A8146DCE29A11CDD0080D108 /* SearchCell.swift */; };
		A8146DD129A11CE60080D108 /* LoadingCell.swift in Sources */ = {isa = PBXBuildFile; fileRef = A8146DD029A11CE60080D108 /* LoadingCell.swift */; };
		A8146DD329A11CF20080D108 /* SectionHeader.swift in Sources */ = {isa = PBXBuildFile; fileRef = A8146DD229A11CF20080D108 /* SectionHeader.swift */; };
		A8146DD529A11F020080D108 /* Movie.swift in Sources */ = {isa = PBXBuildFile; fileRef = A8146DD429A11F020080D108 /* Movie.swift */; };
		A8146DD829A11F120080D108 /* Movies.swift in Sources */ = {isa = PBXBuildFile; fileRef = A8146DD729A11F120080D108 /* Movies.swift */; };
		A8146DDA29A11F2E0080D108 /* Genre.swift in Sources */ = {isa = PBXBuildFile; fileRef = A8146DD929A11F2E0080D108 /* Genre.swift */; };
		A8146DDC29A11F3C0080D108 /* MovieDetail.swift in Sources */ = {isa = PBXBuildFile; fileRef = A8146DDB29A11F3C0080D108 /* MovieDetail.swift */; };
		A8146DDE29A120530080D108 /* Endpoint.swift in Sources */ = {isa = PBXBuildFile; fileRef = A8146DDD29A120530080D108 /* Endpoint.swift */; };
		A8146DE329A127530080D108 /* HttpMethod.swift in Sources */ = {isa = PBXBuildFile; fileRef = A8146DE229A127530080D108 /* HttpMethod.swift */; };
		A8146DE529A1276A0080D108 /* HttpClient.swift in Sources */ = {isa = PBXBuildFile; fileRef = A8146DE429A1276A0080D108 /* HttpClient.swift */; };
		A8146DE929A1298E0080D108 /* MoviesEndpoint.swift in Sources */ = {isa = PBXBuildFile; fileRef = A8146DE829A1298E0080D108 /* MoviesEndpoint.swift */; };
		A8146DEC29A129C00080D108 /* MoviesService.swift in Sources */ = {isa = PBXBuildFile; fileRef = A8146DEB29A129C00080D108 /* MoviesService.swift */; };
		A8146DF029A12A450080D108 /* ApiConstants.swift in Sources */ = {isa = PBXBuildFile; fileRef = A8146DEF29A12A450080D108 /* ApiConstants.swift */; };
		A8146DF229A12A810080D108 /* MoviesServiceType.swift in Sources */ = {isa = PBXBuildFile; fileRef = A8146DF129A12A810080D108 /* MoviesServiceType.swift */; };
		A8146DF629A12CD50080D108 /* UIViewController+Ext.swift in Sources */ = {isa = PBXBuildFile; fileRef = A8146DF529A12CD50080D108 /* UIViewController+Ext.swift */; };
		A8146DF929A12D490080D108 /* Section.swift in Sources */ = {isa = PBXBuildFile; fileRef = A8146DF829A12D490080D108 /* Section.swift */; };
		A8146DFB29A12D550080D108 /* Item.swift in Sources */ = {isa = PBXBuildFile; fileRef = A8146DFA29A12D550080D108 /* Item.swift */; };
		A8146DFF29A130C90080D108 /* Genres.swift in Sources */ = {isa = PBXBuildFile; fileRef = A8146DFE29A130C90080D108 /* Genres.swift */; };
		A8146E0129A1365C0080D108 /* ImageLoaderServiceType.swift in Sources */ = {isa = PBXBuildFile; fileRef = A8146E0029A1365C0080D108 /* ImageLoaderServiceType.swift */; };
		A8146E0429A136820080D108 /* ImageLoaderService.swift in Sources */ = {isa = PBXBuildFile; fileRef = A8146E0329A136810080D108 /* ImageLoaderService.swift */; };
		A8146E0629A136920080D108 /* ImageCache.swift in Sources */ = {isa = PBXBuildFile; fileRef = A8146E0529A136920080D108 /* ImageCache.swift */; };
		A81BFF6129B0072100C9A57E /* StoreCoordinator.swift in Sources */ = {isa = PBXBuildFile; fileRef = A81BFF6029B0072100C9A57E /* StoreCoordinator.swift */; };
		A81BFF6429B0074500C9A57E /* SearchCoordinator.swift in Sources */ = {isa = PBXBuildFile; fileRef = A81BFF6329B0074500C9A57E /* SearchCoordinator.swift */; };
		A81BFF6629B0074F00C9A57E /* TrendCoordinator.swift in Sources */ = {isa = PBXBuildFile; fileRef = A81BFF6529B0074F00C9A57E /* TrendCoordinator.swift */; };
		A81BFF6829B0077000C9A57E /* Coordinator.swift in Sources */ = {isa = PBXBuildFile; fileRef = A81BFF6729B0077000C9A57E /* Coordinator.swift */; };
		A828D8D229B266C9004464CD /* Decodable+loadFromFile.swift in Sources */ = {isa = PBXBuildFile; fileRef = A828D8C129B260DF004464CD /* Decodable+loadFromFile.swift */; };
		A828D8D429B66BD9004464CD /* APIRequest.swift in Sources */ = {isa = PBXBuildFile; fileRef = A828D8D329B66BD9004464CD /* APIRequest.swift */; };
		A828D8D629B67731004464CD /* MoviesRequest.swift in Sources */ = {isa = PBXBuildFile; fileRef = A828D8D529B67731004464CD /* MoviesRequest.swift */; };
		A828D8D829B6773C004464CD /* GenresRequest.swift in Sources */ = {isa = PBXBuildFile; fileRef = A828D8D729B6773C004464CD /* GenresRequest.swift */; };
		A828D8DA29B67747004464CD /* MovieDetailRequest.swift in Sources */ = {isa = PBXBuildFile; fileRef = A828D8D929B67747004464CD /* MovieDetailRequest.swift */; };
		A828D8DC29B677DB004464CD /* MovieDetailRequestTests.swift in Sources */ = {isa = PBXBuildFile; fileRef = A828D8DB29B677DB004464CD /* MovieDetailRequestTests.swift */; };
		A828D8DE29B67E52004464CD /* MoviesRequestTests.swift in Sources */ = {isa = PBXBuildFile; fileRef = A828D8DD29B67E52004464CD /* MoviesRequestTests.swift */; };
		A828D8E029B67E5F004464CD /* GenresRequestTests.swift in Sources */ = {isa = PBXBuildFile; fileRef = A828D8DF29B67E5F004464CD /* GenresRequestTests.swift */; };
		A880275129B236D100FE13EB /* MovieDetails.json in Resources */ = {isa = PBXBuildFile; fileRef = A880275029B236D100FE13EB /* MovieDetails.json */; };
		A880275329B2380F00FE13EB /* Movies.json in Resources */ = {isa = PBXBuildFile; fileRef = A880275229B2380F00FE13EB /* Movies.json */; };
/* End PBXBuildFile section */

/* Begin PBXContainerItemProxy section */
		A8146D9729A111B50080D108 /* PBXContainerItemProxy */ = {
			isa = PBXContainerItemProxy;
			containerPortal = A8146D7829A111B30080D108 /* Project object */;
			proxyType = 1;
			remoteGlobalIDString = A8146D7F29A111B30080D108;
			remoteInfo = TMDB;
		};
/* End PBXContainerItemProxy section */

/* Begin PBXFileReference section */
		A8146D8029A111B30080D108 /* TMDB.app */ = {isa = PBXFileReference; explicitFileType = wrapper.application; includeInIndex = 0; path = TMDB.app; sourceTree = BUILT_PRODUCTS_DIR; };
		A8146D8329A111B30080D108 /* AppDelegate.swift */ = {isa = PBXFileReference; lastKnownFileType = sourcecode.swift; path = AppDelegate.swift; sourceTree = "<group>"; };
		A8146D8529A111B30080D108 /* SceneDelegate.swift */ = {isa = PBXFileReference; lastKnownFileType = sourcecode.swift; path = SceneDelegate.swift; sourceTree = "<group>"; };
		A8146D8C29A111B50080D108 /* Assets.xcassets */ = {isa = PBXFileReference; lastKnownFileType = folder.assetcatalog; path = Assets.xcassets; sourceTree = "<group>"; };
		A8146D8F29A111B50080D108 /* Base */ = {isa = PBXFileReference; lastKnownFileType = file.storyboard; name = Base; path = Base.lproj/LaunchScreen.storyboard; sourceTree = "<group>"; };
		A8146D9129A111B50080D108 /* Info.plist */ = {isa = PBXFileReference; lastKnownFileType = text.plist.xml; path = Info.plist; sourceTree = "<group>"; };
		A8146D9629A111B50080D108 /* TMDBTests.xctest */ = {isa = PBXFileReference; explicitFileType = wrapper.cfbundle; includeInIndex = 0; path = TMDBTests.xctest; sourceTree = BUILT_PRODUCTS_DIR; };
		A8146DB729A112E80080D108 /* MainTabBarController.swift */ = {isa = PBXFileReference; lastKnownFileType = sourcecode.swift; path = MainTabBarController.swift; sourceTree = "<group>"; };
		A8146DB929A116EF0080D108 /* MovieStoreController.swift */ = {isa = PBXFileReference; lastKnownFileType = sourcecode.swift; path = MovieStoreController.swift; sourceTree = "<group>"; };
		A8146DBB29A116FD0080D108 /* SearchMovieController.swift */ = {isa = PBXFileReference; lastKnownFileType = sourcecode.swift; path = SearchMovieController.swift; sourceTree = "<group>"; };
		A8146DBD29A1170A0080D108 /* TrendMovieController.swift */ = {isa = PBXFileReference; lastKnownFileType = sourcecode.swift; path = TrendMovieController.swift; sourceTree = "<group>"; };
		A8146DBF29A117160080D108 /* DetailMovieController.swift */ = {isa = PBXFileReference; lastKnownFileType = sourcecode.swift; path = DetailMovieController.swift; sourceTree = "<group>"; };
		A8146DC629A119F50080D108 /* FeaturedCell.swift */ = {isa = PBXFileReference; lastKnownFileType = sourcecode.swift; path = FeaturedCell.swift; sourceTree = "<group>"; };
		A8146DC829A11A9F0080D108 /* ThreeTableCell.swift */ = {isa = PBXFileReference; lastKnownFileType = sourcecode.swift; path = ThreeTableCell.swift; sourceTree = "<group>"; };
		A8146DCA29A11AAB0080D108 /* SmallTableCell.swift */ = {isa = PBXFileReference; lastKnownFileType = sourcecode.swift; path = SmallTableCell.swift; sourceTree = "<group>"; };
		A8146DCC29A11C3F0080D108 /* SquareCell.swift */ = {isa = PBXFileReference; lastKnownFileType = sourcecode.swift; path = SquareCell.swift; sourceTree = "<group>"; };
		A8146DCE29A11CDD0080D108 /* SearchCell.swift */ = {isa = PBXFileReference; lastKnownFileType = sourcecode.swift; path = SearchCell.swift; sourceTree = "<group>"; };
		A8146DD029A11CE60080D108 /* LoadingCell.swift */ = {isa = PBXFileReference; lastKnownFileType = sourcecode.swift; path = LoadingCell.swift; sourceTree = "<group>"; };
		A8146DD229A11CF20080D108 /* SectionHeader.swift */ = {isa = PBXFileReference; lastKnownFileType = sourcecode.swift; path = SectionHeader.swift; sourceTree = "<group>"; };
		A8146DD429A11F020080D108 /* Movie.swift */ = {isa = PBXFileReference; lastKnownFileType = sourcecode.swift; path = Movie.swift; sourceTree = "<group>"; };
		A8146DD729A11F120080D108 /* Movies.swift */ = {isa = PBXFileReference; lastKnownFileType = sourcecode.swift; path = Movies.swift; sourceTree = "<group>"; };
		A8146DD929A11F2E0080D108 /* Genre.swift */ = {isa = PBXFileReference; lastKnownFileType = sourcecode.swift; path = Genre.swift; sourceTree = "<group>"; };
		A8146DDB29A11F3C0080D108 /* MovieDetail.swift */ = {isa = PBXFileReference; lastKnownFileType = sourcecode.swift; path = MovieDetail.swift; sourceTree = "<group>"; };
		A8146DDD29A120530080D108 /* Endpoint.swift */ = {isa = PBXFileReference; lastKnownFileType = sourcecode.swift; path = Endpoint.swift; sourceTree = "<group>"; };
		A8146DE229A127530080D108 /* HttpMethod.swift */ = {isa = PBXFileReference; lastKnownFileType = sourcecode.swift; path = HttpMethod.swift; sourceTree = "<group>"; };
		A8146DE429A1276A0080D108 /* HttpClient.swift */ = {isa = PBXFileReference; lastKnownFileType = sourcecode.swift; path = HttpClient.swift; sourceTree = "<group>"; };
		A8146DE829A1298E0080D108 /* MoviesEndpoint.swift */ = {isa = PBXFileReference; lastKnownFileType = sourcecode.swift; path = MoviesEndpoint.swift; sourceTree = "<group>"; };
		A8146DEB29A129C00080D108 /* MoviesService.swift */ = {isa = PBXFileReference; lastKnownFileType = sourcecode.swift; path = MoviesService.swift; sourceTree = "<group>"; };
		A8146DEF29A12A450080D108 /* ApiConstants.swift */ = {isa = PBXFileReference; lastKnownFileType = sourcecode.swift; path = ApiConstants.swift; sourceTree = "<group>"; };
		A8146DF129A12A810080D108 /* MoviesServiceType.swift */ = {isa = PBXFileReference; lastKnownFileType = sourcecode.swift; path = MoviesServiceType.swift; sourceTree = "<group>"; };
		A8146DF529A12CD50080D108 /* UIViewController+Ext.swift */ = {isa = PBXFileReference; lastKnownFileType = sourcecode.swift; path = "UIViewController+Ext.swift"; sourceTree = "<group>"; };
		A8146DF829A12D490080D108 /* Section.swift */ = {isa = PBXFileReference; lastKnownFileType = sourcecode.swift; path = Section.swift; sourceTree = "<group>"; };
		A8146DFA29A12D550080D108 /* Item.swift */ = {isa = PBXFileReference; lastKnownFileType = sourcecode.swift; path = Item.swift; sourceTree = "<group>"; };
		A8146DFE29A130C90080D108 /* Genres.swift */ = {isa = PBXFileReference; lastKnownFileType = sourcecode.swift; path = Genres.swift; sourceTree = "<group>"; };
		A8146E0029A1365C0080D108 /* ImageLoaderServiceType.swift */ = {isa = PBXFileReference; lastKnownFileType = sourcecode.swift; path = ImageLoaderServiceType.swift; sourceTree = "<group>"; };
		A8146E0329A136810080D108 /* ImageLoaderService.swift */ = {isa = PBXFileReference; lastKnownFileType = sourcecode.swift; path = ImageLoaderService.swift; sourceTree = "<group>"; };
		A8146E0529A136920080D108 /* ImageCache.swift */ = {isa = PBXFileReference; lastKnownFileType = sourcecode.swift; path = ImageCache.swift; sourceTree = "<group>"; };
		A81BFF6029B0072100C9A57E /* StoreCoordinator.swift */ = {isa = PBXFileReference; lastKnownFileType = sourcecode.swift; path = StoreCoordinator.swift; sourceTree = "<group>"; };
		A81BFF6329B0074500C9A57E /* SearchCoordinator.swift */ = {isa = PBXFileReference; lastKnownFileType = sourcecode.swift; path = SearchCoordinator.swift; sourceTree = "<group>"; };
		A81BFF6529B0074F00C9A57E /* TrendCoordinator.swift */ = {isa = PBXFileReference; lastKnownFileType = sourcecode.swift; path = TrendCoordinator.swift; sourceTree = "<group>"; };
		A81BFF6729B0077000C9A57E /* Coordinator.swift */ = {isa = PBXFileReference; lastKnownFileType = sourcecode.swift; path = Coordinator.swift; sourceTree = "<group>"; };
		A828D8C129B260DF004464CD /* Decodable+loadFromFile.swift */ = {isa = PBXFileReference; lastKnownFileType = sourcecode.swift; path = "Decodable+loadFromFile.swift"; sourceTree = "<group>"; };
		A828D8D329B66BD9004464CD /* APIRequest.swift */ = {isa = PBXFileReference; lastKnownFileType = sourcecode.swift; path = APIRequest.swift; sourceTree = "<group>"; };
		A828D8D529B67731004464CD /* MoviesRequest.swift */ = {isa = PBXFileReference; lastKnownFileType = sourcecode.swift; path = MoviesRequest.swift; sourceTree = "<group>"; };
		A828D8D729B6773C004464CD /* GenresRequest.swift */ = {isa = PBXFileReference; lastKnownFileType = sourcecode.swift; path = GenresRequest.swift; sourceTree = "<group>"; };
		A828D8D929B67747004464CD /* MovieDetailRequest.swift */ = {isa = PBXFileReference; lastKnownFileType = sourcecode.swift; path = MovieDetailRequest.swift; sourceTree = "<group>"; };
		A828D8DB29B677DB004464CD /* MovieDetailRequestTests.swift */ = {isa = PBXFileReference; lastKnownFileType = sourcecode.swift; path = MovieDetailRequestTests.swift; sourceTree = "<group>"; };
		A828D8DD29B67E52004464CD /* MoviesRequestTests.swift */ = {isa = PBXFileReference; lastKnownFileType = sourcecode.swift; path = MoviesRequestTests.swift; sourceTree = "<group>"; };
		A828D8DF29B67E5F004464CD /* GenresRequestTests.swift */ = {isa = PBXFileReference; lastKnownFileType = sourcecode.swift; path = GenresRequestTests.swift; sourceTree = "<group>"; };
		A880275029B236D100FE13EB /* MovieDetails.json */ = {isa = PBXFileReference; lastKnownFileType = text.json; path = MovieDetails.json; sourceTree = "<group>"; };
		A880275229B2380F00FE13EB /* Movies.json */ = {isa = PBXFileReference; lastKnownFileType = text.json; path = Movies.json; sourceTree = "<group>"; };
/* End PBXFileReference section */

/* Begin PBXFrameworksBuildPhase section */
		A8146D7D29A111B30080D108 /* Frameworks */ = {
			isa = PBXFrameworksBuildPhase;
			buildActionMask = 2147483647;
			files = (
			);
			runOnlyForDeploymentPostprocessing = 0;
		};
		A8146D9329A111B50080D108 /* Frameworks */ = {
			isa = PBXFrameworksBuildPhase;
			buildActionMask = 2147483647;
			files = (
			);
			runOnlyForDeploymentPostprocessing = 0;
		};
/* End PBXFrameworksBuildPhase section */

/* Begin PBXGroup section */
		A8146D7729A111B30080D108 = {
			isa = PBXGroup;
			children = (
				A8146D8229A111B30080D108 /* TMDB */,
				A8146D9929A111B50080D108 /* TMDBTests */,
				A8146D8129A111B30080D108 /* Products */,
			);
			sourceTree = "<group>";
		};
		A8146D8129A111B30080D108 /* Products */ = {
			isa = PBXGroup;
			children = (
				A8146D8029A111B30080D108 /* TMDB.app */,
				A8146D9629A111B50080D108 /* TMDBTests.xctest */,
			);
			name = Products;
			sourceTree = "<group>";
		};
		A8146D8229A111B30080D108 /* TMDB */ = {
			isa = PBXGroup;
			children = (
				A8146DB629A112590080D108 /* Sources */,
				A8146DB429A112460080D108 /* Resources */,
				A8146D9129A111B50080D108 /* Info.plist */,
			);
			path = TMDB;
			sourceTree = "<group>";
		};
		A8146D9929A111B50080D108 /* TMDBTests */ = {
			isa = PBXGroup;
			children = (
				A828D8E129B67E92004464CD /* UnitTests */,
				A828D8E229B67EA1004464CD /* Responses */,
				A828D8E329B67EB7004464CD /* Utils */,
			);
			path = TMDBTests;
			sourceTree = "<group>";
		};
		A8146DB329A111CD0080D108 /* AppDelegates */ = {
			isa = PBXGroup;
			children = (
				A8146D8329A111B30080D108 /* AppDelegate.swift */,
				A8146D8529A111B30080D108 /* SceneDelegate.swift */,
			);
			path = AppDelegates;
			sourceTree = "<group>";
		};
		A8146DB429A112460080D108 /* Resources */ = {
			isa = PBXGroup;
			children = (
				A8146D8C29A111B50080D108 /* Assets.xcassets */,
				A8146D8E29A111B50080D108 /* LaunchScreen.storyboard */,
			);
			path = Resources;
			sourceTree = "<group>";
		};
		A8146DB529A1124D0080D108 /* Screens */ = {
			isa = PBXGroup;
			children = (
				A8146DC129A117240080D108 /* TabBar */,
				A8146DC229A117400080D108 /* Store */,
				A8146DC329A117460080D108 /* Search */,
				A8146DC429A1174D0080D108 /* Trend */,
				A8146DC529A117510080D108 /* Detail */,
			);
			path = Screens;
			sourceTree = "<group>";
		};
		A8146DB629A112590080D108 /* Sources */ = {
			isa = PBXGroup;
			children = (
				A8146DB329A111CD0080D108 /* AppDelegates */,
				A8146DB529A1124D0080D108 /* Screens */,
				A81BFF6229B0072500C9A57E /* Coordinators */,
				A8146DD629A11F070080D108 /* Models */,
				A8146DF729A12CD90080D108 /* Utils */,
				A8146DDF29A120590080D108 /* Services */,
			);
			path = Sources;
			sourceTree = "<group>";
		};
		A8146DC129A117240080D108 /* TabBar */ = {
			isa = PBXGroup;
			children = (
				A8146DB729A112E80080D108 /* MainTabBarController.swift */,
			);
			path = TabBar;
			sourceTree = "<group>";
		};
		A8146DC229A117400080D108 /* Store */ = {
			isa = PBXGroup;
			children = (
				A8146DB929A116EF0080D108 /* MovieStoreController.swift */,
				A8146DC629A119F50080D108 /* FeaturedCell.swift */,
				A8146DC829A11A9F0080D108 /* ThreeTableCell.swift */,
				A8146DCA29A11AAB0080D108 /* SmallTableCell.swift */,
				A8146DCC29A11C3F0080D108 /* SquareCell.swift */,
				A8146DD229A11CF20080D108 /* SectionHeader.swift */,
			);
			path = Store;
			sourceTree = "<group>";
		};
		A8146DC329A117460080D108 /* Search */ = {
			isa = PBXGroup;
			children = (
				A8146DBB29A116FD0080D108 /* SearchMovieController.swift */,
				A8146DCE29A11CDD0080D108 /* SearchCell.swift */,
				A8146DD029A11CE60080D108 /* LoadingCell.swift */,
			);
			path = Search;
			sourceTree = "<group>";
		};
		A8146DC429A1174D0080D108 /* Trend */ = {
			isa = PBXGroup;
			children = (
				A8146DBD29A1170A0080D108 /* TrendMovieController.swift */,
			);
			path = Trend;
			sourceTree = "<group>";
		};
		A8146DC529A117510080D108 /* Detail */ = {
			isa = PBXGroup;
			children = (
				A8146DBF29A117160080D108 /* DetailMovieController.swift */,
			);
			path = Detail;
			sourceTree = "<group>";
		};
		A8146DD629A11F070080D108 /* Models */ = {
			isa = PBXGroup;
			children = (
				A8146DF829A12D490080D108 /* Section.swift */,
				A8146DFA29A12D550080D108 /* Item.swift */,
				A8146DD729A11F120080D108 /* Movies.swift */,
				A8146DD429A11F020080D108 /* Movie.swift */,
				A8146DDB29A11F3C0080D108 /* MovieDetail.swift */,
				A8146DFE29A130C90080D108 /* Genres.swift */,
				A8146DD929A11F2E0080D108 /* Genre.swift */,
			);
			path = Models;
			sourceTree = "<group>";
		};
		A8146DDF29A120590080D108 /* Services */ = {
			isa = PBXGroup;
			children = (
				A8146DE129A1207B0080D108 /* Network */,
			);
			path = Services;
			sourceTree = "<group>";
		};
		A8146DE029A120760080D108 /* Base */ = {
			isa = PBXGroup;
			children = (
				A8146DDD29A120530080D108 /* Endpoint.swift */,
				A8146DE229A127530080D108 /* HttpMethod.swift */,
				A8146DE429A1276A0080D108 /* HttpClient.swift */,
				A828D8D329B66BD9004464CD /* APIRequest.swift */,
			);
			path = Base;
			sourceTree = "<group>";
		};
		A8146DE129A1207B0080D108 /* Network */ = {
			isa = PBXGroup;
			children = (
				A8146DE029A120760080D108 /* Base */,
				A8146DF429A12C330080D108 /* Constants */,
				A8146DEA29A129910080D108 /* Endpoints */,
				A8146DF329A12C170080D108 /* Movies */,
				A8146E0229A1365F0080D108 /* ImageLoader */,
			);
			path = Network;
			sourceTree = "<group>";
		};
		A8146DEA29A129910080D108 /* Endpoints */ = {
			isa = PBXGroup;
			children = (
				A8146DE829A1298E0080D108 /* MoviesEndpoint.swift */,
			);
			path = Endpoints;
			sourceTree = "<group>";
		};
		A8146DF329A12C170080D108 /* Movies */ = {
			isa = PBXGroup;
			children = (
				A828D8D529B67731004464CD /* MoviesRequest.swift */,
				A828D8D729B6773C004464CD /* GenresRequest.swift */,
				A828D8D929B67747004464CD /* MovieDetailRequest.swift */,
				A8146DF129A12A810080D108 /* MoviesServiceType.swift */,
				A8146DEB29A129C00080D108 /* MoviesService.swift */,
			);
			path = Movies;
			sourceTree = "<group>";
		};
		A8146DF429A12C330080D108 /* Constants */ = {
			isa = PBXGroup;
			children = (
				A8146DEF29A12A450080D108 /* ApiConstants.swift */,
			);
			path = Constants;
			sourceTree = "<group>";
		};
		A8146DF729A12CD90080D108 /* Utils */ = {
			isa = PBXGroup;
			children = (
				A8146DF529A12CD50080D108 /* UIViewController+Ext.swift */,
			);
			path = Utils;
			sourceTree = "<group>";
		};
		A8146E0229A1365F0080D108 /* ImageLoader */ = {
			isa = PBXGroup;
			children = (
				A8146E0029A1365C0080D108 /* ImageLoaderServiceType.swift */,
				A8146E0329A136810080D108 /* ImageLoaderService.swift */,
				A8146E0529A136920080D108 /* ImageCache.swift */,
			);
			path = ImageLoader;
			sourceTree = "<group>";
		};
		A81BFF6229B0072500C9A57E /* Coordinators */ = {
			isa = PBXGroup;
			children = (
				A81BFF6729B0077000C9A57E /* Coordinator.swift */,
				A81BFF6029B0072100C9A57E /* StoreCoordinator.swift */,
				A81BFF6329B0074500C9A57E /* SearchCoordinator.swift */,
				A81BFF6529B0074F00C9A57E /* TrendCoordinator.swift */,
			);
			path = Coordinators;
			sourceTree = "<group>";
		};
		A828D8E129B67E92004464CD /* UnitTests */ = {
			isa = PBXGroup;
			children = (
				A828D8DD29B67E52004464CD /* MoviesRequestTests.swift */,
				A828D8DF29B67E5F004464CD /* GenresRequestTests.swift */,
				A828D8DB29B677DB004464CD /* MovieDetailRequestTests.swift */,
			);
			path = UnitTests;
			sourceTree = "<group>";
		};
		A828D8E229B67EA1004464CD /* Responses */ = {
			isa = PBXGroup;
			children = (
				A880275229B2380F00FE13EB /* Movies.json */,
				A880275029B236D100FE13EB /* MovieDetails.json */,
			);
			path = Responses;
			sourceTree = "<group>";
		};
		A828D8E329B67EB7004464CD /* Utils */ = {
			isa = PBXGroup;
			children = (
				A828D8C129B260DF004464CD /* Decodable+loadFromFile.swift */,
			);
			path = Utils;
			sourceTree = "<group>";
		};
/* End PBXGroup section */

/* Begin PBXNativeTarget section */
		A8146D7F29A111B30080D108 /* TMDB */ = {
			isa = PBXNativeTarget;
			buildConfigurationList = A8146DAA29A111B50080D108 /* Build configuration list for PBXNativeTarget "TMDB" */;
			buildPhases = (
				A8146D7C29A111B30080D108 /* Sources */,
				A8146D7D29A111B30080D108 /* Frameworks */,
				A8146D7E29A111B30080D108 /* Resources */,
			);
			buildRules = (
			);
			dependencies = (
			);
			name = TMDB;
			productName = TMDB;
			productReference = A8146D8029A111B30080D108 /* TMDB.app */;
			productType = "com.apple.product-type.application";
		};
		A8146D9529A111B50080D108 /* TMDBTests */ = {
			isa = PBXNativeTarget;
			buildConfigurationList = A8146DAD29A111B50080D108 /* Build configuration list for PBXNativeTarget "TMDBTests" */;
			buildPhases = (
				A8146D9229A111B50080D108 /* Sources */,
				A8146D9329A111B50080D108 /* Frameworks */,
				A8146D9429A111B50080D108 /* Resources */,
			);
			buildRules = (
			);
			dependencies = (
				A8146D9829A111B50080D108 /* PBXTargetDependency */,
			);
			name = TMDBTests;
			productName = TMDBTests;
			productReference = A8146D9629A111B50080D108 /* TMDBTests.xctest */;
			productType = "com.apple.product-type.bundle.unit-test";
		};
/* End PBXNativeTarget section */

/* Begin PBXProject section */
		A8146D7829A111B30080D108 /* Project object */ = {
			isa = PBXProject;
			attributes = {
				BuildIndependentTargetsInParallel = 1;
				LastSwiftUpdateCheck = 1340;
				LastUpgradeCheck = 1340;
				TargetAttributes = {
					A8146D7F29A111B30080D108 = {
						CreatedOnToolsVersion = 13.4.1;
					};
					A8146D9529A111B50080D108 = {
						CreatedOnToolsVersion = 13.4.1;
						TestTargetID = A8146D7F29A111B30080D108;
					};
				};
			};
			buildConfigurationList = A8146D7B29A111B30080D108 /* Build configuration list for PBXProject "TMDB" */;
			compatibilityVersion = "Xcode 13.0";
			developmentRegion = en;
			hasScannedForEncodings = 0;
			knownRegions = (
				en,
				Base,
			);
			mainGroup = A8146D7729A111B30080D108;
			productRefGroup = A8146D8129A111B30080D108 /* Products */;
			projectDirPath = "";
			projectRoot = "";
			targets = (
				A8146D7F29A111B30080D108 /* TMDB */,
				A8146D9529A111B50080D108 /* TMDBTests */,
			);
		};
/* End PBXProject section */

/* Begin PBXResourcesBuildPhase section */
		A8146D7E29A111B30080D108 /* Resources */ = {
			isa = PBXResourcesBuildPhase;
			buildActionMask = 2147483647;
			files = (
				A8146D9029A111B50080D108 /* LaunchScreen.storyboard in Resources */,
				A8146D8D29A111B50080D108 /* Assets.xcassets in Resources */,
			);
			runOnlyForDeploymentPostprocessing = 0;
		};
		A8146D9429A111B50080D108 /* Resources */ = {
			isa = PBXResourcesBuildPhase;
			buildActionMask = 2147483647;
			files = (
				A880275129B236D100FE13EB /* MovieDetails.json in Resources */,
				A880275329B2380F00FE13EB /* Movies.json in Resources */,
			);
			runOnlyForDeploymentPostprocessing = 0;
		};
/* End PBXResourcesBuildPhase section */

/* Begin PBXSourcesBuildPhase section */
		A8146D7C29A111B30080D108 /* Sources */ = {
			isa = PBXSourcesBuildPhase;
			buildActionMask = 2147483647;
			files = (
				A8146DBE29A1170A0080D108 /* TrendMovieController.swift in Sources */,
				A8146DCF29A11CDD0080D108 /* SearchCell.swift in Sources */,
				A828D8D429B66BD9004464CD /* APIRequest.swift in Sources */,
				A8146E0629A136920080D108 /* ImageCache.swift in Sources */,
				A8146E0129A1365C0080D108 /* ImageLoaderServiceType.swift in Sources */,
				A8146DEC29A129C00080D108 /* MoviesService.swift in Sources */,
				A8146D8429A111B30080D108 /* AppDelegate.swift in Sources */,
				A8146DFB29A12D550080D108 /* Item.swift in Sources */,
				A8146DDC29A11F3C0080D108 /* MovieDetail.swift in Sources */,
				A81BFF6829B0077000C9A57E /* Coordinator.swift in Sources */,
				A828D8D829B6773C004464CD /* GenresRequest.swift in Sources */,
				A8146DE529A1276A0080D108 /* HttpClient.swift in Sources */,
				A8146DCB29A11AAB0080D108 /* SmallTableCell.swift in Sources */,
				A8146DFF29A130C90080D108 /* Genres.swift in Sources */,
				A8146DC929A11A9F0080D108 /* ThreeTableCell.swift in Sources */,
				A8146DB829A112E80080D108 /* MainTabBarController.swift in Sources */,
				A8146DF929A12D490080D108 /* Section.swift in Sources */,
				A8146DC029A117160080D108 /* DetailMovieController.swift in Sources */,
				A8146DD129A11CE60080D108 /* LoadingCell.swift in Sources */,
				A8146E0429A136820080D108 /* ImageLoaderService.swift in Sources */,
				A8146DCD29A11C3F0080D108 /* SquareCell.swift in Sources */,
				A8146DBA29A116EF0080D108 /* MovieStoreController.swift in Sources */,
				A8146DDA29A11F2E0080D108 /* Genre.swift in Sources */,
				A8146DF629A12CD50080D108 /* UIViewController+Ext.swift in Sources */,
				A81BFF6629B0074F00C9A57E /* TrendCoordinator.swift in Sources */,
				A828D8D629B67731004464CD /* MoviesRequest.swift in Sources */,
				A8146DF229A12A810080D108 /* MoviesServiceType.swift in Sources */,
				A81BFF6129B0072100C9A57E /* StoreCoordinator.swift in Sources */,
				A8146DE329A127530080D108 /* HttpMethod.swift in Sources */,
				A8146DDE29A120530080D108 /* Endpoint.swift in Sources */,
				A8146DD829A11F120080D108 /* Movies.swift in Sources */,
				A828D8DA29B67747004464CD /* MovieDetailRequest.swift in Sources */,
				A8146DD329A11CF20080D108 /* SectionHeader.swift in Sources */,
				A8146DE929A1298E0080D108 /* MoviesEndpoint.swift in Sources */,
				A8146DC729A119F50080D108 /* FeaturedCell.swift in Sources */,
				A8146DBC29A116FD0080D108 /* SearchMovieController.swift in Sources */,
				A8146DF029A12A450080D108 /* ApiConstants.swift in Sources */,
				A8146D8629A111B30080D108 /* SceneDelegate.swift in Sources */,
				A81BFF6429B0074500C9A57E /* SearchCoordinator.swift in Sources */,
				A8146DD529A11F020080D108 /* Movie.swift in Sources */,
			);
			runOnlyForDeploymentPostprocessing = 0;
		};
		A8146D9229A111B50080D108 /* Sources */ = {
			isa = PBXSourcesBuildPhase;
			buildActionMask = 2147483647;
			files = (
				A828D8DC29B677DB004464CD /* MovieDetailRequestTests.swift in Sources */,
				A828D8D229B266C9004464CD /* Decodable+loadFromFile.swift in Sources */,
				A828D8DE29B67E52004464CD /* MoviesRequestTests.swift in Sources */,
				A828D8E029B67E5F004464CD /* GenresRequestTests.swift in Sources */,
			);
			runOnlyForDeploymentPostprocessing = 0;
		};
/* End PBXSourcesBuildPhase section */

/* Begin PBXTargetDependency section */
		A8146D9829A111B50080D108 /* PBXTargetDependency */ = {
			isa = PBXTargetDependency;
			target = A8146D7F29A111B30080D108 /* TMDB */;
			targetProxy = A8146D9729A111B50080D108 /* PBXContainerItemProxy */;
		};
/* End PBXTargetDependency section */

/* Begin PBXVariantGroup section */
		A8146D8E29A111B50080D108 /* LaunchScreen.storyboard */ = {
			isa = PBXVariantGroup;
			children = (
				A8146D8F29A111B50080D108 /* Base */,
			);
			name = LaunchScreen.storyboard;
			sourceTree = "<group>";
		};
/* End PBXVariantGroup section */

/* Begin XCBuildConfiguration section */
		A8146DA829A111B50080D108 /* Debug */ = {
			isa = XCBuildConfiguration;
			buildSettings = {
				ALWAYS_SEARCH_USER_PATHS = NO;
				CLANG_ANALYZER_NONNULL = YES;
				CLANG_ANALYZER_NUMBER_OBJECT_CONVERSION = YES_AGGRESSIVE;
				CLANG_CXX_LANGUAGE_STANDARD = "gnu++17";
				CLANG_ENABLE_MODULES = YES;
				CLANG_ENABLE_OBJC_ARC = YES;
				CLANG_ENABLE_OBJC_WEAK = YES;
				CLANG_WARN_BLOCK_CAPTURE_AUTORELEASING = YES;
				CLANG_WARN_BOOL_CONVERSION = YES;
				CLANG_WARN_COMMA = YES;
				CLANG_WARN_CONSTANT_CONVERSION = YES;
				CLANG_WARN_DEPRECATED_OBJC_IMPLEMENTATIONS = YES;
				CLANG_WARN_DIRECT_OBJC_ISA_USAGE = YES_ERROR;
				CLANG_WARN_DOCUMENTATION_COMMENTS = YES;
				CLANG_WARN_EMPTY_BODY = YES;
				CLANG_WARN_ENUM_CONVERSION = YES;
				CLANG_WARN_INFINITE_RECURSION = YES;
				CLANG_WARN_INT_CONVERSION = YES;
				CLANG_WARN_NON_LITERAL_NULL_CONVERSION = YES;
				CLANG_WARN_OBJC_IMPLICIT_RETAIN_SELF = YES;
				CLANG_WARN_OBJC_LITERAL_CONVERSION = YES;
				CLANG_WARN_OBJC_ROOT_CLASS = YES_ERROR;
				CLANG_WARN_QUOTED_INCLUDE_IN_FRAMEWORK_HEADER = YES;
				CLANG_WARN_RANGE_LOOP_ANALYSIS = YES;
				CLANG_WARN_STRICT_PROTOTYPES = YES;
				CLANG_WARN_SUSPICIOUS_MOVE = YES;
				CLANG_WARN_UNGUARDED_AVAILABILITY = YES_AGGRESSIVE;
				CLANG_WARN_UNREACHABLE_CODE = YES;
				CLANG_WARN__DUPLICATE_METHOD_MATCH = YES;
				COPY_PHASE_STRIP = NO;
				DEBUG_INFORMATION_FORMAT = dwarf;
				ENABLE_STRICT_OBJC_MSGSEND = YES;
				ENABLE_TESTABILITY = YES;
				GCC_C_LANGUAGE_STANDARD = gnu11;
				GCC_DYNAMIC_NO_PIC = NO;
				GCC_NO_COMMON_BLOCKS = YES;
				GCC_OPTIMIZATION_LEVEL = 0;
				GCC_PREPROCESSOR_DEFINITIONS = (
					"DEBUG=1",
					"$(inherited)",
				);
				GCC_WARN_64_TO_32_BIT_CONVERSION = YES;
				GCC_WARN_ABOUT_RETURN_TYPE = YES_ERROR;
				GCC_WARN_UNDECLARED_SELECTOR = YES;
				GCC_WARN_UNINITIALIZED_AUTOS = YES_AGGRESSIVE;
				GCC_WARN_UNUSED_FUNCTION = YES;
				GCC_WARN_UNUSED_VARIABLE = YES;
				IPHONEOS_DEPLOYMENT_TARGET = 15.0;
				MTL_ENABLE_DEBUG_INFO = INCLUDE_SOURCE;
				MTL_FAST_MATH = YES;
				ONLY_ACTIVE_ARCH = YES;
				SDKROOT = iphoneos;
				SWIFT_ACTIVE_COMPILATION_CONDITIONS = DEBUG;
				SWIFT_OPTIMIZATION_LEVEL = "-Onone";
			};
			name = Debug;
		};
		A8146DA929A111B50080D108 /* Release */ = {
			isa = XCBuildConfiguration;
			buildSettings = {
				ALWAYS_SEARCH_USER_PATHS = NO;
				CLANG_ANALYZER_NONNULL = YES;
				CLANG_ANALYZER_NUMBER_OBJECT_CONVERSION = YES_AGGRESSIVE;
				CLANG_CXX_LANGUAGE_STANDARD = "gnu++17";
				CLANG_ENABLE_MODULES = YES;
				CLANG_ENABLE_OBJC_ARC = YES;
				CLANG_ENABLE_OBJC_WEAK = YES;
				CLANG_WARN_BLOCK_CAPTURE_AUTORELEASING = YES;
				CLANG_WARN_BOOL_CONVERSION = YES;
				CLANG_WARN_COMMA = YES;
				CLANG_WARN_CONSTANT_CONVERSION = YES;
				CLANG_WARN_DEPRECATED_OBJC_IMPLEMENTATIONS = YES;
				CLANG_WARN_DIRECT_OBJC_ISA_USAGE = YES_ERROR;
				CLANG_WARN_DOCUMENTATION_COMMENTS = YES;
				CLANG_WARN_EMPTY_BODY = YES;
				CLANG_WARN_ENUM_CONVERSION = YES;
				CLANG_WARN_INFINITE_RECURSION = YES;
				CLANG_WARN_INT_CONVERSION = YES;
				CLANG_WARN_NON_LITERAL_NULL_CONVERSION = YES;
				CLANG_WARN_OBJC_IMPLICIT_RETAIN_SELF = YES;
				CLANG_WARN_OBJC_LITERAL_CONVERSION = YES;
				CLANG_WARN_OBJC_ROOT_CLASS = YES_ERROR;
				CLANG_WARN_QUOTED_INCLUDE_IN_FRAMEWORK_HEADER = YES;
				CLANG_WARN_RANGE_LOOP_ANALYSIS = YES;
				CLANG_WARN_STRICT_PROTOTYPES = YES;
				CLANG_WARN_SUSPICIOUS_MOVE = YES;
				CLANG_WARN_UNGUARDED_AVAILABILITY = YES_AGGRESSIVE;
				CLANG_WARN_UNREACHABLE_CODE = YES;
				CLANG_WARN__DUPLICATE_METHOD_MATCH = YES;
				COPY_PHASE_STRIP = NO;
				DEBUG_INFORMATION_FORMAT = "dwarf-with-dsym";
				ENABLE_NS_ASSERTIONS = NO;
				ENABLE_STRICT_OBJC_MSGSEND = YES;
				GCC_C_LANGUAGE_STANDARD = gnu11;
				GCC_NO_COMMON_BLOCKS = YES;
				GCC_WARN_64_TO_32_BIT_CONVERSION = YES;
				GCC_WARN_ABOUT_RETURN_TYPE = YES_ERROR;
				GCC_WARN_UNDECLARED_SELECTOR = YES;
				GCC_WARN_UNINITIALIZED_AUTOS = YES_AGGRESSIVE;
				GCC_WARN_UNUSED_FUNCTION = YES;
				GCC_WARN_UNUSED_VARIABLE = YES;
				IPHONEOS_DEPLOYMENT_TARGET = 15.0;
				MTL_ENABLE_DEBUG_INFO = NO;
				MTL_FAST_MATH = YES;
				SDKROOT = iphoneos;
				SWIFT_COMPILATION_MODE = wholemodule;
				SWIFT_OPTIMIZATION_LEVEL = "-O";
				VALIDATE_PRODUCT = YES;
			};
			name = Release;
		};
		A8146DAB29A111B50080D108 /* Debug */ = {
			isa = XCBuildConfiguration;
			buildSettings = {
				ASSETCATALOG_COMPILER_APPICON_NAME = AppIcon;
				ASSETCATALOG_COMPILER_GLOBAL_ACCENT_COLOR_NAME = AccentColor;
				CODE_SIGN_IDENTITY = "Apple Development";
				CODE_SIGN_STYLE = Automatic;
				CURRENT_PROJECT_VERSION = 1;
				DEVELOPMENT_TEAM = HBXK2UB5Z3;
				GENERATE_INFOPLIST_FILE = YES;
				INFOPLIST_FILE = TMDB/Info.plist;
				INFOPLIST_KEY_UIApplicationSupportsIndirectInputEvents = YES;
				INFOPLIST_KEY_UILaunchStoryboardName = LaunchScreen;
				INFOPLIST_KEY_UISupportedInterfaceOrientations = UIInterfaceOrientationPortrait;
				INFOPLIST_KEY_UISupportedInterfaceOrientations_iPad = "UIInterfaceOrientationPortrait UIInterfaceOrientationPortraitUpsideDown UIInterfaceOrientationLandscapeLeft UIInterfaceOrientationLandscapeRight";
				INFOPLIST_KEY_UISupportedInterfaceOrientations_iPhone = "UIInterfaceOrientationPortrait UIInterfaceOrientationLandscapeLeft UIInterfaceOrientationLandscapeRight";
				IPHONEOS_DEPLOYMENT_TARGET = 15.0;
				LD_RUNPATH_SEARCH_PATHS = (
					"$(inherited)",
					"@executable_path/Frameworks",
				);
				MARKETING_VERSION = 1.0;
				MTL_ENABLE_DEBUG_INFO = "";
				PRODUCT_BUNDLE_IDENTIFIER = dev.kickbell.TMDB;
				PRODUCT_NAME = "$(TARGET_NAME)";
				PROVISIONING_PROFILE_SPECIFIER = "";
				SWIFT_EMIT_LOC_STRINGS = YES;
				SWIFT_VERSION = 5.0;
				TARGETED_DEVICE_FAMILY = 1;
			};
			name = Debug;
		};
		A8146DAC29A111B50080D108 /* Release */ = {
			isa = XCBuildConfiguration;
			buildSettings = {
				ASSETCATALOG_COMPILER_APPICON_NAME = AppIcon;
				ASSETCATALOG_COMPILER_GLOBAL_ACCENT_COLOR_NAME = AccentColor;
				CODE_SIGN_IDENTITY = "Apple Development";
				CODE_SIGN_STYLE = Automatic;
				CURRENT_PROJECT_VERSION = 1;
				DEVELOPMENT_TEAM = HBXK2UB5Z3;
				GENERATE_INFOPLIST_FILE = YES;
				INFOPLIST_FILE = TMDB/Info.plist;
				INFOPLIST_KEY_UIApplicationSupportsIndirectInputEvents = YES;
				INFOPLIST_KEY_UILaunchStoryboardName = LaunchScreen;
				INFOPLIST_KEY_UISupportedInterfaceOrientations = UIInterfaceOrientationPortrait;
				INFOPLIST_KEY_UISupportedInterfaceOrientations_iPad = "UIInterfaceOrientationPortrait UIInterfaceOrientationPortraitUpsideDown UIInterfaceOrientationLandscapeLeft UIInterfaceOrientationLandscapeRight";
				INFOPLIST_KEY_UISupportedInterfaceOrientations_iPhone = "UIInterfaceOrientationPortrait UIInterfaceOrientationLandscapeLeft UIInterfaceOrientationLandscapeRight";
				IPHONEOS_DEPLOYMENT_TARGET = 15.0;
				LD_RUNPATH_SEARCH_PATHS = (
					"$(inherited)",
					"@executable_path/Frameworks",
				);
				MARKETING_VERSION = 1.0;
				MTL_ENABLE_DEBUG_INFO = "";
				PRODUCT_BUNDLE_IDENTIFIER = dev.kickbell.TMDB;
				PRODUCT_NAME = "$(TARGET_NAME)";
				PROVISIONING_PROFILE_SPECIFIER = "";
				SWIFT_EMIT_LOC_STRINGS = YES;
				SWIFT_VERSION = 5.0;
				TARGETED_DEVICE_FAMILY = 1;
			};
			name = Release;
		};
		A8146DAE29A111B50080D108 /* Debug */ = {
			isa = XCBuildConfiguration;
			buildSettings = {
				ALWAYS_EMBED_SWIFT_STANDARD_LIBRARIES = YES;
				BUNDLE_LOADER = "$(TEST_HOST)";
				CODE_SIGN_STYLE = Automatic;
				CURRENT_PROJECT_VERSION = 1;
				DEVELOPMENT_TEAM = HBXK2UB5Z3;
				GENERATE_INFOPLIST_FILE = YES;
				IPHONEOS_DEPLOYMENT_TARGET = 15.0;
				MARKETING_VERSION = 1.0;
				MTL_ENABLE_DEBUG_INFO = "";
				PRODUCT_BUNDLE_IDENTIFIER = dev.kickbell.TMDBTests;
				PRODUCT_NAME = "$(TARGET_NAME)";
				SWIFT_EMIT_LOC_STRINGS = NO;
				SWIFT_VERSION = 5.0;
				TARGETED_DEVICE_FAMILY = "1,2";
				TEST_HOST = "$(BUILT_PRODUCTS_DIR)/TMDB.app/TMDB";
			};
			name = Debug;
		};
		A8146DAF29A111B50080D108 /* Release */ = {
			isa = XCBuildConfiguration;
			buildSettings = {
				ALWAYS_EMBED_SWIFT_STANDARD_LIBRARIES = YES;
				BUNDLE_LOADER = "$(TEST_HOST)";
				CODE_SIGN_STYLE = Automatic;
				CURRENT_PROJECT_VERSION = 1;
				DEVELOPMENT_TEAM = HBXK2UB5Z3;
				GENERATE_INFOPLIST_FILE = YES;
				IPHONEOS_DEPLOYMENT_TARGET = 15.0;
				MARKETING_VERSION = 1.0;
				MTL_ENABLE_DEBUG_INFO = "";
				PRODUCT_BUNDLE_IDENTIFIER = dev.kickbell.TMDBTests;
				PRODUCT_NAME = "$(TARGET_NAME)";
				SWIFT_EMIT_LOC_STRINGS = NO;
				SWIFT_VERSION = 5.0;
				TARGETED_DEVICE_FAMILY = "1,2";
				TEST_HOST = "$(BUILT_PRODUCTS_DIR)/TMDB.app/TMDB";
			};
			name = Release;
		};
/* End XCBuildConfiguration section */

/* Begin XCConfigurationList section */
		A8146D7B29A111B30080D108 /* Build configuration list for PBXProject "TMDB" */ = {
			isa = XCConfigurationList;
			buildConfigurations = (
				A8146DA829A111B50080D108 /* Debug */,
				A8146DA929A111B50080D108 /* Release */,
			);
			defaultConfigurationIsVisible = 0;
			defaultConfigurationName = Release;
		};
		A8146DAA29A111B50080D108 /* Build configuration list for PBXNativeTarget "TMDB" */ = {
			isa = XCConfigurationList;
			buildConfigurations = (
				A8146DAB29A111B50080D108 /* Debug */,
				A8146DAC29A111B50080D108 /* Release */,
			);
			defaultConfigurationIsVisible = 0;
			defaultConfigurationName = Release;
		};
		A8146DAD29A111B50080D108 /* Build configuration list for PBXNativeTarget "TMDBTests" */ = {
			isa = XCConfigurationList;
			buildConfigurations = (
				A8146DAE29A111B50080D108 /* Debug */,
				A8146DAF29A111B50080D108 /* Release */,
			);
			defaultConfigurationIsVisible = 0;
			defaultConfigurationName = Release;
		};
/* End XCConfigurationList section */
	};
	rootObject = A8146D7829A111B30080D108 /* Project object */;
}
